
Microsoft Visual Studio Solution File, Format Version 12.00
# Visual Studio 15
VisualStudioVersion = 15.0.28010.2046
MinimumVisualStudioVersion = 10.0.40219.1
Project("{FAE04EC0-301F-11D3-BF4B-00C04F79EFBC}") = "DataBaseF", "DataBaseF\DataBaseF.csproj", "{ACBDBA10-756D-49BA-A1A5-749006F47918}"
EndProject
Global
	GlobalSection(SolutionConfigurationPlatforms) = preSolution
		Debug|Any CPU = Debug|Any CPU
		Release|Any CPU = Release|Any CPU
	EndGlobalSection
	GlobalSection(ProjectConfigurationPlatforms) = postSolution
		{ACBDBA10-756D-49BA-A1A5-749006F47918}.Debug|Any CPU.ActiveCfg = Debug|Any CPU
		{ACBDBA10-756D-49BA-A1A5-749006F47918}.Debug|Any CPU.Build.0 = Debug|Any CPU
		{ACBDBA10-756D-49BA-A1A5-749006F47918}.Release|Any CPU.ActiveCfg = Release|Any CPU
		{ACBDBA10-756D-49BA-A1A5-749006F47918}.Release|Any CPU.Build.0 = Release|Any CPU
	EndGlobalSection
	GlobalSection(SolutionProperties) = preSolution
		HideSolutionNode = FALSE
	EndGlobalSection
	GlobalSection(ExtensibilityGlobals) = postSolution
		SolutionGuid = {D4568466-ECE2-4D59-AE1F-0F16A78CE9C1}
	EndGlobalSection
EndGlobal
